
Microsoft Visual Studio Solution File, Format Version 12.00
# Visual Studio 14
VisualStudioVersion = 14.0.23107.0
MinimumVisualStudioVersion = 10.0.40219.1
Project("{FAE04EC0-301F-11D3-BF4B-00C04F79EFBC}") = "RambleTracker", "RambleTracker\RambleTracker.csproj", "{68498DFD-82CF-4609-B67B-A027094526A6}"
EndProject
Project("{FAE04EC0-301F-11D3-BF4B-00C04F79EFBC}") = "RambleTracker.Model", "RambleTracker.Model\RambleTracker.Model.csproj", "{1BA5BDEA-7180-4EEB-877C-CFB35BA69FD4}"
EndProject
Project("{FAE04EC0-301F-11D3-BF4B-00C04F79EFBC}") = "RambleTracker.DAL", "RambleTracker.DAL\RambleTracker.DAL.csproj", "{8B8E7E38-3942-491A-91E6-2572388C650E}"
EndProject
Global
	GlobalSection(SolutionConfigurationPlatforms) = preSolution
		Debug|Any CPU = Debug|Any CPU
		Release|Any CPU = Release|Any CPU
	EndGlobalSection
	GlobalSection(ProjectConfigurationPlatforms) = postSolution
		{68498DFD-82CF-4609-B67B-A027094526A6}.Debug|Any CPU.ActiveCfg = Debug|Any CPU
		{68498DFD-82CF-4609-B67B-A027094526A6}.Debug|Any CPU.Build.0 = Debug|Any CPU
		{68498DFD-82CF-4609-B67B-A027094526A6}.Release|Any CPU.ActiveCfg = Release|Any CPU
		{68498DFD-82CF-4609-B67B-A027094526A6}.Release|Any CPU.Build.0 = Release|Any CPU
		{1BA5BDEA-7180-4EEB-877C-CFB35BA69FD4}.Debug|Any CPU.ActiveCfg = Debug|Any CPU
		{1BA5BDEA-7180-4EEB-877C-CFB35BA69FD4}.Debug|Any CPU.Build.0 = Debug|Any CPU
		{1BA5BDEA-7180-4EEB-877C-CFB35BA69FD4}.Release|Any CPU.ActiveCfg = Release|Any CPU
		{1BA5BDEA-7180-4EEB-877C-CFB35BA69FD4}.Release|Any CPU.Build.0 = Release|Any CPU
		{8B8E7E38-3942-491A-91E6-2572388C650E}.Debug|Any CPU.ActiveCfg = Debug|Any CPU
		{8B8E7E38-3942-491A-91E6-2572388C650E}.Debug|Any CPU.Build.0 = Debug|Any CPU
		{8B8E7E38-3942-491A-91E6-2572388C650E}.Release|Any CPU.ActiveCfg = Release|Any CPU
		{8B8E7E38-3942-491A-91E6-2572388C650E}.Release|Any CPU.Build.0 = Release|Any CPU
	EndGlobalSection
	GlobalSection(SolutionProperties) = preSolution
		HideSolutionNode = FALSE
	EndGlobalSection
EndGlobal
